{
  "name": "user-feedback",
  "version": "0.1.0",
  "lockfileVersion": 1,
  "requires": true,
  "dependencies": {
    "@bit/tomlandau.belle.components.rating": {
      "version": "1.0.1",
      "resolved": "https://node.bitsrc.io/tomlandau.belle.components.rating/-/tomlandau.belle.components.rating-1.0.1.tgz",
      "integrity": "sha1-NHBGMsH8svhwmrgK7pnuwTDVAAE=",
      "requires": {
        "@bit/tomlandau.belle.config.rating": "1.0.1",
        "@bit/tomlandau.belle.style.rating": "1.0.1",
        "@bit/tomlandau.belle.utils.animation-frame-management": "1.0.1",
        "@bit/tomlandau.belle.utils.helpers": "1.0.1",
        "@bit/tomlandau.belle.utils.inject-style": "1.0.1",
        "@bit/tomlandau.belle.utils.union-class-names": "1.0.1",
        "exenv": "1.2.2"
      }
    },
    "@bit/tomlandau.belle.config.rating": {
      "version": "1.0.1",
      "resolved": "https://node.bitsrc.io/tomlandau.belle.config.rating/-/tomlandau.belle.config.rating-1.0.1.tgz",
      "integrity": "sha1-ryyfF4c9DI5wT3kfLjsdwXozi5A="
    },
    "@bit/tomlandau.belle.style.animations": {
      "version": "1.0.1",
      "resolved": "https://node.bitsrc.io/tomlandau.belle.style.animations/-/tomlandau.belle.style.animations-1.0.1.tgz",
      "integrity": "sha1-G/LXjwe/wSgZwQiD+4DCOEluiFA="
    },
    "@bit/tomlandau.belle.style.rating": {
      "version": "1.0.1",
      "resolved": "https://node.bitsrc.io/tomlandau.belle.style.rating/-/tomlandau.belle.style.rating-1.0.1.tgz",
      "integrity": "sha1-wtyy7usG/cFGHaok4QyWA/5Fepg="
    },
    "@bit/tomlandau.belle.utils.animation-frame-management": {
      "version": "1.0.1",
      "resolved": "https://node.bitsrc.io/tomlandau.belle.utils.animation-frame-management/-/tomlandau.belle.utils.animation-frame-management-1.0.1.tgz",
      "integrity": "sha1-5eats8L6bNg3uZJKMfTbP26TfVI=",
      "requires": {
        "exenv": "1.2.2"
      }
    },
    "@bit/tomlandau.belle.utils.helpers": {
      "version": "1.0.1",
      "resolved": "https://node.bitsrc.io/tomlandau.belle.utils.helpers/-/tomlandau.belle.utils.helpers-1.0.1.tgz",
      "integrity": "sha1-F7I36Azc8EEua01SHY/SplN+6MU="
    },
    "@bit/tomlandau.belle.utils.inject-style": {
      "version": "1.0.1",
      "resolved": "https://node.bitsrc.io/tomlandau.belle.utils.inject-style/-/tomlandau.belle.utils.inject-style-1.0.1.tgz",
      "integrity": "sha1-MWc4aic2Ug9aCVRuFBB8QPlCqas=",
      "requires": {
        "@bit/tomlandau.belle.style.animations": "1.0.1",
        "@bit/tomlandau.belle.utils.helpers": "1.0.1",
        "exenv": "1.2.2"
      }
    },
    "@bit/tomlandau.belle.utils.union-class-names": {
      "version": "1.0.1",
      "resolved": "https://node.bitsrc.io/tomlandau.belle.utils.union-class-names/-/tomlandau.belle.utils.union-class-names-1.0.1.tgz",
      "integrity": "sha1-oSfWeZL+hV8WVS5Nm+Fc/rDSGMY=",
      "requires": {
        "@bit/tomlandau.belle.utils.helpers": "1.0.1"
      }
    },
    "exenv": {
      "version": "1.2.2",
      "resolved": "https://registry.npmjs.org/exenv/-/exenv-1.2.2.tgz",
      "integrity": "sha1-KueOhdmJQVhnCwPUe+wfA72Ru50="
    }
  }
}
